Microsoft Visual Studio Solution File, Format Version 11.00
# Visual Studio 2008

Project("{67F25E5D-F808-B1BD-7CD7-2D00E954817E}") = "HomoPropaganda", "Assembly-CSharp-firstpass.csproj", "{A48CF9E5-B5B3-57C0-A170-3CB3605E4323}"
EndProject
Project("{67F25E5D-F808-B1BD-7CD7-2D00E954817E}") = "HomoPropaganda", "Assembly-CSharp.csproj", "{A07D835E-3C77-1308-5286-A139F09F3148}"
EndProject
Project("{67F25E5D-F808-B1BD-7CD7-2D00E954817E}") = "HomoPropaganda", "Assembly-CSharp-Editor.csproj", "{5F178466-A736-7E7D-491B-6FB43403E10F}"
EndProject
Global
	GlobalSection(SolutionConfigurationPlatforms) = preSolution
		Debug|Any CPU = Debug|Any CPU
		Release|Any CPU = Release|Any CPU
	EndGlobalSection
	GlobalSection(ProjectConfigurationPlatforms) = postSolution
		{A48CF9E5-B5B3-57C0-A170-3CB3605E4323}.Debug|Any CPU.ActiveCfg = Debug|Any CPU
		{A48CF9E5-B5B3-57C0-A170-3CB3605E4323}.Debug|Any CPU.Build.0 = Debug|Any CPU
		{A48CF9E5-B5B3-57C0-A170-3CB3605E4323}.Release|Any CPU.ActiveCfg = Release|Any CPU
		{A48CF9E5-B5B3-57C0-A170-3CB3605E4323}.Release|Any CPU.Build.0 = Release|Any CPU
		{A07D835E-3C77-1308-5286-A139F09F3148}.Debug|Any CPU.ActiveCfg = Debug|Any CPU
		{A07D835E-3C77-1308-5286-A139F09F3148}.Debug|Any CPU.Build.0 = Debug|Any CPU
		{A07D835E-3C77-1308-5286-A139F09F3148}.Release|Any CPU.ActiveCfg = Release|Any CPU
		{A07D835E-3C77-1308-5286-A139F09F3148}.Release|Any CPU.Build.0 = Release|Any CPU
		{5F178466-A736-7E7D-491B-6FB43403E10F}.Debug|Any CPU.ActiveCfg = Debug|Any CPU
		{5F178466-A736-7E7D-491B-6FB43403E10F}.Debug|Any CPU.Build.0 = Debug|Any CPU
		{5F178466-A736-7E7D-491B-6FB43403E10F}.Release|Any CPU.ActiveCfg = Release|Any CPU
		{5F178466-A736-7E7D-491B-6FB43403E10F}.Release|Any CPU.Build.0 = Release|Any CPU
	EndGlobalSection
	GlobalSection(SolutionProperties) = preSolution
		HideSolutionNode = FALSE
	EndGlobalSection
																																					GlobalSection(MonoDevelopProperties) = preSolution
		StartupItem = Assembly-CSharp.csproj
		Policies = $0
		$0.TextStylePolicy = $1
		$1.inheritsSet = null
		$1.scope = text/x-csharp
		$0.CSharpFormattingPolicy = $2
		$2.inheritsSet = Mono
		$2.inheritsScope = text/x-csharp
		$2.scope = text/x-csharp
		$0.TextStylePolicy = $3
		$3.FileWidth = 120
		$3.TabWidth = 4
		$3.IndentWidth = 4
		$3.EolMarker = Unix
		$3.inheritsSet = Mono
		$3.inheritsScope = text/plain
		$3.scope = text/plain
	EndGlobalSection

EndGlobal
